// !$*UTF8*$!
{"archiveVersion" = "1";
"objectVersion" = "77";
"classes" = {};
"objects" = {"000000000000000000000001" = {"isa" = "PBXFileSystemSynchronizedRootGroup";
"path" = "SwiftCorpus";
"sourceTree" = "<group>";
"explicitFileTypes" = {};
"explicitFolders" = ();
};
"000000000000000000000002" = {"isa" = "PBXFileReference";
"explicitFileType" = "archive.ar";
"path" = "SwiftCorpus.a";
"sourceTree" = "BUILT_PRODUCTS_DIR";
};
"000000000000000000000003" = {"isa" = "PBXSourcesBuildPhase";
"buildActionMask" = "2147483647";
"files" = ();
"runOnlyForDeploymentPostprocessing" = "0";
};
"000000000000000000000004" = {"isa" = "PBXShellScriptBuildPhase";
"buildActionMask" = "2147483647";
"files" = ();
"inputPaths" = ();
"outputPaths" = ();
"runOnlyForDeploymentPostprocessing" = "0";
"shellPath" = "/bin/sh";
"shellScript" = "if [ \"$AXBUILD_SCRIPT_FAIL\" = YES ]; then echo \"error: AXBUILD_SCRIPT_FAILURE\"; exit 1; fi\nif [ \"$AXBUILD_HANG\" = YES ]; then echo AXBUILD_HANG_READY; echo $$ > \"$AXBUILD_READY_FILE\"; sleep 600 & wait; fi";
"name" = "Controlled script";
};
"000000000000000000000005" = {"isa" = "XCBuildConfiguration";
"name" = "Debug";
"buildSettings" = {"SDKROOT" = "macosx";
"MACOSX_DEPLOYMENT_TARGET" = "14.0";
"SWIFT_VERSION" = "6.0";
"CODE_SIGNING_ALLOWED" = "NO";
"PRODUCT_NAME" = "$(TARGET_NAME)";
"SWIFT_OPTIMIZATION_LEVEL" = "-Onone";
"CLANG_ENABLE_MODULES" = "YES";
"GENERATE_INFOPLIST_FILE" = "YES";
"PRODUCT_BUNDLE_IDENTIFIER" = "org.example.axbuild.$(TARGET_NAME)";
"SWIFT_ACTIVE_COMPILATION_CONDITIONS" = "$(inherited) $(AXBUILD_SWIFT_CONDITIONS)";
};
};
"000000000000000000000006" = {"isa" = "XCConfigurationList";
"buildConfigurations" = ("000000000000000000000005");
"defaultConfigurationIsVisible" = "0";
"defaultConfigurationName" = "Debug";
};
"000000000000000000000007" = {"isa" = "PBXNativeTarget";
"name" = "SwiftCorpus";
"productName" = "SwiftCorpus";
"productType" = "com.apple.product-type.library.static";
"productReference" = "000000000000000000000002";
"fileSystemSynchronizedGroups" = ("000000000000000000000001");
"buildConfigurationList" = "000000000000000000000006";
"buildPhases" = ("000000000000000000000003");
"buildRules" = ();
"dependencies" = ();
};
"000000000000000000000008" = {"isa" = "PBXFileSystemSynchronizedRootGroup";
"path" = "ObjC";
"sourceTree" = "<group>";
"explicitFileTypes" = {};
"explicitFolders" = ();
};
"000000000000000000000009" = {"isa" = "PBXFileReference";
"explicitFileType" = "archive.ar";
"path" = "ObjC.a";
"sourceTree" = "BUILT_PRODUCTS_DIR";
};
"00000000000000000000000A" = {"isa" = "PBXSourcesBuildPhase";
"buildActionMask" = "2147483647";
"files" = ();
"runOnlyForDeploymentPostprocessing" = "0";
};
"00000000000000000000000B" = {"isa" = "PBXShellScriptBuildPhase";
"buildActionMask" = "2147483647";
"files" = ();
"inputPaths" = ();
"outputPaths" = ();
"runOnlyForDeploymentPostprocessing" = "0";
"shellPath" = "/bin/sh";
"shellScript" = "if [ \"$AXBUILD_SCRIPT_FAIL\" = YES ]; then echo \"error: AXBUILD_SCRIPT_FAILURE\"; exit 1; fi\nif [ \"$AXBUILD_HANG\" = YES ]; then echo AXBUILD_HANG_READY; echo $$ > \"$AXBUILD_READY_FILE\"; sleep 600 & wait; fi";
"name" = "Controlled script";
};
"00000000000000000000000C" = {"isa" = "XCBuildConfiguration";
"name" = "Debug";
"buildSettings" = {"SDKROOT" = "macosx";
"MACOSX_DEPLOYMENT_TARGET" = "14.0";
"SWIFT_VERSION" = "6.0";
"CODE_SIGNING_ALLOWED" = "NO";
"PRODUCT_NAME" = "$(TARGET_NAME)";
"SWIFT_OPTIMIZATION_LEVEL" = "-Onone";
"CLANG_ENABLE_MODULES" = "YES";
"GENERATE_INFOPLIST_FILE" = "YES";
"PRODUCT_BUNDLE_IDENTIFIER" = "org.example.axbuild.$(TARGET_NAME)";
};
};
"00000000000000000000000D" = {"isa" = "XCConfigurationList";
"buildConfigurations" = ("00000000000000000000000C");
"defaultConfigurationIsVisible" = "0";
"defaultConfigurationName" = "Debug";
};
"00000000000000000000000E" = {"isa" = "PBXNativeTarget";
"name" = "ObjC";
"productName" = "ObjC";
"productType" = "com.apple.product-type.library.static";
"productReference" = "000000000000000000000009";
"fileSystemSynchronizedGroups" = ("000000000000000000000008");
"buildConfigurationList" = "00000000000000000000000D";
"buildPhases" = ("00000000000000000000000A");
"buildRules" = ();
"dependencies" = ();
};
"00000000000000000000000F" = {"isa" = "PBXFileSystemSynchronizedRootGroup";
"path" = "Tool";
"sourceTree" = "<group>";
"explicitFileTypes" = {};
"explicitFolders" = ();
};
"000000000000000000000010" = {"isa" = "PBXFileReference";
"explicitFileType" = "compiled.mach-o.executable";
"path" = "Tool";
"sourceTree" = "BUILT_PRODUCTS_DIR";
};
"000000000000000000000011" = {"isa" = "PBXSourcesBuildPhase";
"buildActionMask" = "2147483647";
"files" = ();
"runOnlyForDeploymentPostprocessing" = "0";
};
"000000000000000000000012" = {"isa" = "PBXShellScriptBuildPhase";
"buildActionMask" = "2147483647";
"files" = ();
"inputPaths" = ();
"outputPaths" = ();
"runOnlyForDeploymentPostprocessing" = "0";
"shellPath" = "/bin/sh";
"shellScript" = "if [ \"$AXBUILD_SCRIPT_FAIL\" = YES ]; then echo \"error: AXBUILD_SCRIPT_FAILURE\"; exit 1; fi\nif [ \"$AXBUILD_HANG\" = YES ]; then echo AXBUILD_HANG_READY; echo $$ > \"$AXBUILD_READY_FILE\"; sleep 600 & wait; fi";
"name" = "Controlled script";
};
"000000000000000000000013" = {"isa" = "XCBuildConfiguration";
"name" = "Debug";
"buildSettings" = {"SDKROOT" = "macosx";
"MACOSX_DEPLOYMENT_TARGET" = "14.0";
"SWIFT_VERSION" = "6.0";
"CODE_SIGNING_ALLOWED" = "NO";
"PRODUCT_NAME" = "$(TARGET_NAME)";
"SWIFT_OPTIMIZATION_LEVEL" = "-Onone";
"CLANG_ENABLE_MODULES" = "YES";
"GENERATE_INFOPLIST_FILE" = "YES";
"PRODUCT_BUNDLE_IDENTIFIER" = "org.example.axbuild.$(TARGET_NAME)";
};
};
"000000000000000000000014" = {"isa" = "XCConfigurationList";
"buildConfigurations" = ("000000000000000000000013");
"defaultConfigurationIsVisible" = "0";
"defaultConfigurationName" = "Debug";
};
"000000000000000000000015" = {"isa" = "PBXNativeTarget";
"name" = "Tool";
"productName" = "Tool";
"productType" = "com.apple.product-type.tool";
"productReference" = "000000000000000000000010";
"fileSystemSynchronizedGroups" = ("00000000000000000000000F");
"buildConfigurationList" = "000000000000000000000014";
"buildPhases" = ("000000000000000000000011","000000000000000000000012");
"buildRules" = ();
"dependencies" = ();
};
"000000000000000000000016" = {"isa" = "PBXFileSystemSynchronizedRootGroup";
"path" = "Tests";
"sourceTree" = "<group>";
"explicitFileTypes" = {};
"explicitFolders" = ();
};
"000000000000000000000017" = {"isa" = "PBXFileReference";
"explicitFileType" = "wrapper.cfbundle";
"path" = "Tests.xctest";
"sourceTree" = "BUILT_PRODUCTS_DIR";
};
"000000000000000000000018" = {"isa" = "PBXSourcesBuildPhase";
"buildActionMask" = "2147483647";
"files" = ();
"runOnlyForDeploymentPostprocessing" = "0";
};
"000000000000000000000019" = {"isa" = "PBXShellScriptBuildPhase";
"buildActionMask" = "2147483647";
"files" = ();
"inputPaths" = ();
"outputPaths" = ();
"runOnlyForDeploymentPostprocessing" = "0";
"shellPath" = "/bin/sh";
"shellScript" = "if [ \"$AXBUILD_SCRIPT_FAIL\" = YES ]; then echo \"error: AXBUILD_SCRIPT_FAILURE\"; exit 1; fi\nif [ \"$AXBUILD_HANG\" = YES ]; then echo AXBUILD_HANG_READY; echo $$ > \"$AXBUILD_READY_FILE\"; sleep 600 & wait; fi";
"name" = "Controlled script";
};
"00000000000000000000001A" = {"isa" = "XCBuildConfiguration";
"name" = "Debug";
"buildSettings" = {"SDKROOT" = "macosx";
"MACOSX_DEPLOYMENT_TARGET" = "14.0";
"SWIFT_VERSION" = "6.0";
"CODE_SIGNING_ALLOWED" = "NO";
"PRODUCT_NAME" = "$(TARGET_NAME)";
"SWIFT_OPTIMIZATION_LEVEL" = "-Onone";
"CLANG_ENABLE_MODULES" = "YES";
"GENERATE_INFOPLIST_FILE" = "YES";
"PRODUCT_BUNDLE_IDENTIFIER" = "org.example.axbuild.$(TARGET_NAME)";
};
};
"00000000000000000000001B" = {"isa" = "XCConfigurationList";
"buildConfigurations" = ("00000000000000000000001A");
"defaultConfigurationIsVisible" = "0";
"defaultConfigurationName" = "Debug";
};
"00000000000000000000001C" = {"isa" = "PBXNativeTarget";
"name" = "Tests";
"productName" = "Tests";
"productType" = "com.apple.product-type.bundle.unit-test";
"productReference" = "000000000000000000000017";
"fileSystemSynchronizedGroups" = ("000000000000000000000016");
"buildConfigurationList" = "00000000000000000000001B";
"buildPhases" = ("000000000000000000000018");
"buildRules" = ();
"dependencies" = ();
};
"00000000000000000000001D" = {"isa" = "PBXGroup";
"name" = "Products";
"children" = ("000000000000000000000002","000000000000000000000009","000000000000000000000010","000000000000000000000017");
"sourceTree" = "<group>";
};
"00000000000000000000001E" = {"isa" = "PBXGroup";
"children" = ("000000000000000000000001","000000000000000000000008","00000000000000000000000F","000000000000000000000016","00000000000000000000001D");
"sourceTree" = "<group>";
};
"00000000000000000000001F" = {"isa" = "XCBuildConfiguration";
"name" = "Debug";
"buildSettings" = {"SDKROOT" = "macosx";
"MACOSX_DEPLOYMENT_TARGET" = "14.0";
"SWIFT_VERSION" = "6.0";
"CODE_SIGNING_ALLOWED" = "NO";
"PRODUCT_NAME" = "$(TARGET_NAME)";
"SWIFT_OPTIMIZATION_LEVEL" = "-Onone";
"CLANG_ENABLE_MODULES" = "YES";
"GENERATE_INFOPLIST_FILE" = "YES";
"PRODUCT_BUNDLE_IDENTIFIER" = "org.example.axbuild.$(TARGET_NAME)";
};
};
"000000000000000000000020" = {"isa" = "XCConfigurationList";
"buildConfigurations" = ("00000000000000000000001F");
"defaultConfigurationIsVisible" = "0";
"defaultConfigurationName" = "Debug";
};
"000000000000000000000021" = {"isa" = "PBXProject";
"attributes" = {"BuildIndependentTargetsInParallel" = "1";
};
"buildConfigurationList" = "000000000000000000000020";
"compatibilityVersion" = "Xcode 16.0";
"developmentRegion" = "en";
"knownRegions" = ("en","Base");
"mainGroup" = "00000000000000000000001E";
"productRefGroup" = "00000000000000000000001D";
"projectDirPath" = "";
"projectRoot" = "";
"targets" = ("000000000000000000000007","00000000000000000000000E","000000000000000000000015","00000000000000000000001C");
};
};
"rootObject" = "000000000000000000000021";
}
